
Microsoft Visual Studio Solution File, Format Version 12.00
# Visual Studio Version 17
VisualStudioVersion = 17.10.34928.147
MinimumVisualStudioVersion = 10.0.40219.1
Project("{FAE04EC0-301F-11D3-BF4B-00C04F79EFBC}") = "NotificationService", "NotificationService\NotificationService.csproj", "{9B2DFF93-631C-44E5-92F3-A93B231765BE}"
EndProject
Global
	GlobalSection(SolutionConfigurationPlatforms) = preSolution
		Debug|Any CPU = Debug|Any CPU
		Release|Any CPU = Release|Any CPU
	EndGlobalSection
	GlobalSection(ProjectConfigurationPlatforms) = postSolution
		{9B2DFF93-631C-44E5-92F3-A93B231765BE}.Debug|Any CPU.ActiveCfg = Debug|Any CPU
		{9B2DFF93-631C-44E5-92F3-A93B231765BE}.Debug|Any CPU.Build.0 = Debug|Any CPU
		{9B2DFF93-631C-44E5-92F3-A93B231765BE}.Release|Any CPU.ActiveCfg = Release|Any CPU
		{9B2DFF93-631C-44E5-92F3-A93B231765BE}.Release|Any CPU.Build.0 = Release|Any CPU
	EndGlobalSection
	GlobalSection(SolutionProperties) = preSolution
		HideSolutionNode = FALSE
	EndGlobalSection
	GlobalSection(ExtensibilityGlobals) = postSolution
		SolutionGuid = {FE532BCE-8CA4-426D-9900-A8935C8F570B}
	EndGlobalSection
EndGlobal
